<?xml version="1.0" encoding="utf-8"?>
<Project ToolsVersion="4.0" xmlns="http://schemas.microsoft.com/developer/msbuild/2003">
  <ItemGroup>
    <Filter Include="Source Files">
      <UniqueIdentifier>{4FC737F1-C7A5-4376-A066-2A32D752A2FF}</UniqueIdentifier>
      <Extensions>cpp;c;cc;cxx;def;odl;idl;hpj;bat;asm;asmx</Extensions>
    </Filter>
    <Filter Include="Header Files">
      <UniqueIdentifier>{93995380-89BD-4b04-88EB-625FBE52EBFB}</UniqueIdentifier>
      <Extensions>h;hh;hpp;hxx;hm;inl;inc;xsd</Extensions>
    </Filter>
    <Filter Include="Resource Files">
      <UniqueIdentifier>{67DA6AB6-F800-4c08-8B7A-83BB121AAD01}</UniqueIdentifier>
      <Extensions>rc;ico;cur;bmp;dlg;rc2;rct;bin;rgs;gif;jpg;jpeg;jpe;resx;tiff;tif;png;wav;mfcribbon-ms</Extensions>
    </Filter>
  </ItemGroup>
  <ItemGroup>
    <Text Include="ReadMe.txt" />
  </ItemGroup>
  <ItemGroup>
    <ClInclude Include="stdafx.h">
      <Filter>Header Files</Filter>
    </ClInclude>
    <ClInclude Include="targetver.h">
      <Filter>Header Files</Filter>
    </ClInclude>
    <ClInclude Include="..\..\..\Include\ASDConfigInterface.h">
      <Filter>Header Files</Filter>
    </ClInclude>
    <ClInclude Include="Header.h">
      <Filter>Header Files</Filter>
    </ClInclude>
    <ClInclude Include="TTestEmissionAndDichroic.h">
      <Filter>Header Files</Filter>
    </ClInclude>
    <ClInclude Include="TTestDisk.h">
      <Filter>Header Files</Filter>
    </ClInclude>
    <ClInclude Include="TTestPort.h">
      <Filter>Header Files</Filter>
    </ClInclude>
    <ClInclude Include="TTestImagingMode.h">
      <Filter>Header Files</Filter>
    </ClInclude>
    <ClInclude Include="TTestAperture.h">
      <Filter>Header Files</Filter>
    </ClInclude>
    <ClInclude Include="TTestCameraPortMirror.h">
      <Filter>Header Files</Filter>
    </ClInclude>
    <ClInclude Include="TTestPowerDensity.h">
      <Filter>Header Files</Filter>
    </ClInclude>
    <ClInclude Include="TTestEPIPolariser.h">
      <Filter>Header Files</Filter>
    </ClInclude>
    <ClInclude Include="TTestTIRFPolariser.h">
      <Filter>Header Files</Filter>
    </ClInclude>
    <ClInclude Include="TTestSuperRes.h">
      <Filter>Header Files</Filter>
    </ClInclude>
    <ClInclude Include="TTestMagnificationLens.h">
      <Filter>Header Files</Filter>
    </ClInclude>
    <ClInclude Include="TTestTIRF.h">
      <Filter>Header Files</Filter>
    </ClInclude>
    <ClInclude Include="TTestStatusCode.h">
      <Filter>Header Files</Filter>
    </ClInclude>
    <ClInclude Include="ASDModuleHandler.h">
      <Filter>Header Files</Filter>
    </ClInclude>
  </ItemGroup>
  <ItemGroup>
    <ClCompile Include="stdafx.cpp">
      <Filter>Source Files</Filter>
    </ClCompile>
    <ClCompile Include="ASDExample.cpp">
      <Filter>Source Files</Filter>
    </ClCompile>
    <ClCompile Include="ASDTest.cpp">
      <Filter>Source Files</Filter>
    </ClCompile>
    <ClCompile Include="TTestEmissionAndDichroic.cpp">
      <Filter>Source Files</Filter>
    </ClCompile>
    <ClCompile Include="TTestDisk.cpp">
      <Filter>Source Files</Filter>
    </ClCompile>
    <ClCompile Include="TTestImagingMode.cpp">
      <Filter>Source Files</Filter>
    </ClCompile>
    <ClCompile Include="TTestAperture.cpp">
      <Filter>Source Files</Filter>
    </ClCompile>
    <ClCompile Include="TTestCameraPortMirror.cpp">
      <Filter>Source Files</Filter>
    </ClCompile>
    <ClCompile Include="TTestPowerDensity.cpp">
      <Filter>Source Files</Filter>
    </ClCompile>
    <ClCompile Include="TTestEPIPolariser.cpp">
      <Filter>Source Files</Filter>
    </ClCompile>
    <ClCompile Include="TTestTIRFPolariser.cpp">
      <Filter>Source Files</Filter>
    </ClCompile>
    <ClCompile Include="TTestSuperRes.cpp">
      <Filter>Source Files</Filter>
    </ClCompile>
    <ClCompile Include="TTestMagnificationLens.cpp">
      <Filter>Source Files</Filter>
    </ClCompile>
    <ClCompile Include="TTestTIRF.cpp">
      <Filter>Source Files</Filter>
    </ClCompile>
    <ClCompile Include="TTestStatusCode.cpp">
      <Filter>Source Files</Filter>
    </ClCompile>
    <ClCompile Include="ASDModuleHandler.cpp">
      <Filter>Source Files</Filter>
    </ClCompile>
  </ItemGroup>
</Project>